
Microsoft Visual Studio Solution File, Format Version 12.00
# Visual Studio Version 17
VisualStudioVersion = 17.7.34018.315
MinimumVisualStudioVersion = 10.0.40219.1
Project("{FAE04EC0-301F-11D3-BF4B-00C04F79EFBC}") = "Assignment-PasswordGenerator", "Assignment-PasswordGenerator\Assignment-PasswordGenerator.csproj", "{C09AC521-C1E1-41A5-8F74-14CB4267FFA2}"
EndProject
Global
	GlobalSection(SolutionConfigurationPlatforms) = preSolution
		Debug|Any CPU = Debug|Any CPU
		Release|Any CPU = Release|Any CPU
	EndGlobalSection
	GlobalSection(ProjectConfigurationPlatforms) = postSolution
		{C09AC521-C1E1-41A5-8F74-14CB4267FFA2}.Debug|Any CPU.ActiveCfg = Debug|Any CPU
		{C09AC521-C1E1-41A5-8F74-14CB4267FFA2}.Debug|Any CPU.Build.0 = Debug|Any CPU
		{C09AC521-C1E1-41A5-8F74-14CB4267FFA2}.Release|Any CPU.ActiveCfg = Release|Any CPU
		{C09AC521-C1E1-41A5-8F74-14CB4267FFA2}.Release|Any CPU.Build.0 = Release|Any CPU
	EndGlobalSection
	GlobalSection(SolutionProperties) = preSolution
		HideSolutionNode = FALSE
	EndGlobalSection
	GlobalSection(ExtensibilityGlobals) = postSolution
		SolutionGuid = {C904B41C-AF36-4DDE-BC6B-3FFEE2B4765B}
	EndGlobalSection
EndGlobal
